github.com/Duet3D/DSF-APIs v0.0.0-20200909082542-eff4037e650f h1:1/l3Q6p94fNCdWj3F9buHzO7Hgl4lxGqjTxAHPBdV9s=
github.com/Duet3D/DSF-APIs v0.0.0-20200909135208-e1377604004b h1:4mIh5gaA1syBi26QQKMIavCIhkCQTBCnMTLOyQHdXK0=
github.com/Duet3D/DSF-APIs v0.0.0-20200910090227-45f68893a13a h1:Swt2fD7xRvOjvkwn4j67z65kTtM2P54PkChD5JWlEgE=
github.com/Duet3D/DSF-APIs/godsfapi v1.2.4 h1:igiN18KMXL9l6yGJ4ms1W8NX9hUvvS4m1C+Yh0uvEKI=
github.com/mitchellh/mapstructure v1.2.2 h1:dxe5oCinTXiTIcfgmZecdCzPmAJKd46KsCWc35r0TV4=
github.com/mitchellh/mapstructure v1.2.2/go.mod h1:bFUtVrKA4DC2yAKiSyO/QUcy7e+RRV2QTWOzhPopBRo=
